
Microsoft Visual Studio Solution File, Format Version 12.00
# Visual Studio 15
VisualStudioVersion = 15.0.27703.2026
MinimumVisualStudioVersion = 10.0.40219.1
Project("{FAE04EC0-301F-11D3-BF4B-00C04F79EFBC}") = "ExchangeOnline", "ExchangeOnline\ExchangeOnline.csproj", "{ABCA216F-634E-4F4D-8382-53E32B019C88}"
EndProject
Global
	GlobalSection(SolutionConfigurationPlatforms) = preSolution
		Debug|Any CPU = Debug|Any CPU
		Release|Any CPU = Release|Any CPU
	EndGlobalSection
	GlobalSection(ProjectConfigurationPlatforms) = postSolution
		{ABCA216F-634E-4F4D-8382-53E32B019C88}.Debug|Any CPU.ActiveCfg = Debug|Any CPU
		{ABCA216F-634E-4F4D-8382-53E32B019C88}.Debug|Any CPU.Build.0 = Debug|Any CPU
		{ABCA216F-634E-4F4D-8382-53E32B019C88}.Release|Any CPU.ActiveCfg = Release|Any CPU
		{ABCA216F-634E-4F4D-8382-53E32B019C88}.Release|Any CPU.Build.0 = Release|Any CPU
	EndGlobalSection
	GlobalSection(SolutionProperties) = preSolution
		HideSolutionNode = FALSE
	EndGlobalSection
	GlobalSection(ExtensibilityGlobals) = postSolution
		SolutionGuid = {E4BFC398-779A-41E7-B6DE-E39AAD266ABC}
	EndGlobalSection
EndGlobal
